// !$*UTF8*$!
{
	archiveVersion = 1;
	classes = {
	};
	objectVersion = 56;
	objects = {

/* Begin PBXBuildFile section */
		12406DF629E452D7009B7896 /* AppsPageController.swift in Sources */ = {isa = PBXBuildFile; fileRef = 12406DF529E452D7009B7896 /* AppsPageController.swift */; };
		12406DF829E453CA009B7896 /* BaseListController.swift in Sources */ = {isa = PBXBuildFile; fileRef = 12406DF729E453CA009B7896 /* BaseListController.swift */; };
		12406DFC29E455DE009B7896 /* AppsGroupCell.swift in Sources */ = {isa = PBXBuildFile; fileRef = 12406DFB29E455DE009B7896 /* AppsGroupCell.swift */; };
		12406DFE29E83ECD009B7896 /* AppsHorizontalController.swift in Sources */ = {isa = PBXBuildFile; fileRef = 12406DFD29E83ECD009B7896 /* AppsHorizontalController.swift */; };
		12406E0029E844FA009B7896 /* AppRowCell.swift in Sources */ = {isa = PBXBuildFile; fileRef = 12406DFF29E844FA009B7896 /* AppRowCell.swift */; };
		12406E0229E84803009B7896 /* Extensions.swift in Sources */ = {isa = PBXBuildFile; fileRef = 12406E0129E84803009B7896 /* Extensions.swift */; };
		12406E0429EAC10C009B7896 /* AppsPageHeader.swift in Sources */ = {isa = PBXBuildFile; fileRef = 12406E0329EAC10C009B7896 /* AppsPageHeader.swift */; };
		12406E0829EAC3B9009B7896 /* AppsHeaderHorizontalController.swift in Sources */ = {isa = PBXBuildFile; fileRef = 12406E0729EAC3B9009B7896 /* AppsHeaderHorizontalController.swift */; };
		12406E0A29EAC5DF009B7896 /* AppsHeaderCell.swift in Sources */ = {isa = PBXBuildFile; fileRef = 12406E0929EAC5DF009B7896 /* AppsHeaderCell.swift */; };
		12406E0C29EC0251009B7896 /* AppGroup.swift in Sources */ = {isa = PBXBuildFile; fileRef = 12406E0B29EC0251009B7896 /* AppGroup.swift */; };
		126805CA29DC16250086F37F /* AppDelegate.swift in Sources */ = {isa = PBXBuildFile; fileRef = 126805C929DC16250086F37F /* AppDelegate.swift */; };
		126805CC29DC16250086F37F /* SceneDelegate.swift in Sources */ = {isa = PBXBuildFile; fileRef = 126805CB29DC16250086F37F /* SceneDelegate.swift */; };
		126805CE29DC16250086F37F /* ViewController.swift in Sources */ = {isa = PBXBuildFile; fileRef = 126805CD29DC16250086F37F /* ViewController.swift */; };
		126805D429DC16250086F37F /* AppStoreClone.xcdatamodeld in Sources */ = {isa = PBXBuildFile; fileRef = 126805D229DC16250086F37F /* AppStoreClone.xcdatamodeld */; };
		126805D629DC16260086F37F /* Assets.xcassets in Resources */ = {isa = PBXBuildFile; fileRef = 126805D529DC16260086F37F /* Assets.xcassets */; };
		126805D929DC16260086F37F /* LaunchScreen.storyboard in Resources */ = {isa = PBXBuildFile; fileRef = 126805D729DC16260086F37F /* LaunchScreen.storyboard */; };
		126805E129DC16E20086F37F /* BaseTabBarController.swift in Sources */ = {isa = PBXBuildFile; fileRef = 126805E029DC16E20086F37F /* BaseTabBarController.swift */; };
		126805E629DC322D0086F37F /* AppsSearchController.swift in Sources */ = {isa = PBXBuildFile; fileRef = 126805E529DC322D0086F37F /* AppsSearchController.swift */; };
		126805E929DD633C0086F37F /* SearchResultCell.swift in Sources */ = {isa = PBXBuildFile; fileRef = 126805E829DD633C0086F37F /* SearchResultCell.swift */; };
		126805EC29DD6FD30086F37F /* UIView+Layout.swift in Sources */ = {isa = PBXBuildFile; fileRef = 126805EB29DD6FD30086F37F /* UIView+Layout.swift */; };
		126805EE29E00A9C0086F37F /* VerticalStackView.swift in Sources */ = {isa = PBXBuildFile; fileRef = 126805ED29E00A9C0086F37F /* VerticalStackView.swift */; };
		126805F129E2C5A40086F37F /* SearchResult.swift in Sources */ = {isa = PBXBuildFile; fileRef = 126805F029E2C5A40086F37F /* SearchResult.swift */; };
		126805F429E2CC9A0086F37F /* Service.swift in Sources */ = {isa = PBXBuildFile; fileRef = 126805F329E2CC9A0086F37F /* Service.swift */; };
		68DFFF9A8A0C565595A39169 /* Pods_AppStoreClone.framework in Frameworks */ = {isa = PBXBuildFile; fileRef = 1E657847676525381E471B49 /* Pods_AppStoreClone.framework */; };
/* End PBXBuildFile section */

/* Begin PBXFileReference section */
		12406DF529E452D7009B7896 /* AppsPageController.swift */ = {isa = PBXFileReference; lastKnownFileType = sourcecode.swift; path = AppsPageController.swift; sourceTree = "<group>"; };
		12406DF729E453CA009B7896 /* BaseListController.swift */ = {isa = PBXFileReference; lastKnownFileType = sourcecode.swift; path = BaseListController.swift; sourceTree = "<group>"; };
		12406DFB29E455DE009B7896 /* AppsGroupCell.swift */ = {isa = PBXFileReference; lastKnownFileType = sourcecode.swift; path = AppsGroupCell.swift; sourceTree = "<group>"; };
		12406DFD29E83ECD009B7896 /* AppsHorizontalController.swift */ = {isa = PBXFileReference; lastKnownFileType = sourcecode.swift; path = AppsHorizontalController.swift; sourceTree = "<group>"; };
		12406DFF29E844FA009B7896 /* AppRowCell.swift */ = {isa = PBXFileReference; lastKnownFileType = sourcecode.swift; path = AppRowCell.swift; sourceTree = "<group>"; };
		12406E0129E84803009B7896 /* Extensions.swift */ = {isa = PBXFileReference; lastKnownFileType = sourcecode.swift; path = Extensions.swift; sourceTree = "<group>"; };
		12406E0329EAC10C009B7896 /* AppsPageHeader.swift */ = {isa = PBXFileReference; lastKnownFileType = sourcecode.swift; path = AppsPageHeader.swift; sourceTree = "<group>"; };
		12406E0729EAC3B9009B7896 /* AppsHeaderHorizontalController.swift */ = {isa = PBXFileReference; lastKnownFileType = sourcecode.swift; path = AppsHeaderHorizontalController.swift; sourceTree = "<group>"; };
		12406E0929EAC5DF009B7896 /* AppsHeaderCell.swift */ = {isa = PBXFileReference; lastKnownFileType = sourcecode.swift; path = AppsHeaderCell.swift; sourceTree = "<group>"; };
		12406E0B29EC0251009B7896 /* AppGroup.swift */ = {isa = PBXFileReference; lastKnownFileType = sourcecode.swift; path = AppGroup.swift; sourceTree = "<group>"; };
		126805C629DC16250086F37F /* AppStoreClone.app */ = {isa = PBXFileReference; explicitFileType = wrapper.application; includeInIndex = 0; path = AppStoreClone.app; sourceTree = BUILT_PRODUCTS_DIR; };
		126805C929DC16250086F37F /* AppDelegate.swift */ = {isa = PBXFileReference; lastKnownFileType = sourcecode.swift; path = AppDelegate.swift; sourceTree = "<group>"; };
		126805CB29DC16250086F37F /* SceneDelegate.swift */ = {isa = PBXFileReference; lastKnownFileType = sourcecode.swift; path = SceneDelegate.swift; sourceTree = "<group>"; };
		126805CD29DC16250086F37F /* ViewController.swift */ = {isa = PBXFileReference; lastKnownFileType = sourcecode.swift; path = ViewController.swift; sourceTree = "<group>"; };
		126805D329DC16250086F37F /* AppStoreClone.xcdatamodel */ = {isa = PBXFileReference; lastKnownFileType = wrapper.xcdatamodel; path = AppStoreClone.xcdatamodel; sourceTree = "<group>"; };
		126805D529DC16260086F37F /* Assets.xcassets */ = {isa = PBXFileReference; lastKnownFileType = folder.assetcatalog; path = Assets.xcassets; sourceTree = "<group>"; };
		126805D829DC16260086F37F /* Base */ = {isa = PBXFileReference; lastKnownFileType = file.storyboard; name = Base; path = Base.lproj/LaunchScreen.storyboard; sourceTree = "<group>"; };
		126805DA29DC16260086F37F /* Info.plist */ = {isa = PBXFileReference; lastKnownFileType = text.plist.xml; path = Info.plist; sourceTree = "<group>"; };
		126805E029DC16E20086F37F /* BaseTabBarController.swift */ = {isa = PBXFileReference; lastKnownFileType = sourcecode.swift; path = BaseTabBarController.swift; sourceTree = "<group>"; };
		126805E529DC322D0086F37F /* AppsSearchController.swift */ = {isa = PBXFileReference; lastKnownFileType = sourcecode.swift; path = AppsSearchController.swift; sourceTree = "<group>"; };
		126805E829DD633C0086F37F /* SearchResultCell.swift */ = {isa = PBXFileReference; lastKnownFileType = sourcecode.swift; path = SearchResultCell.swift; sourceTree = "<group>"; };
		126805EB29DD6FD30086F37F /* UIView+Layout.swift */ = {isa = PBXFileReference; fileEncoding = 4; lastKnownFileType = sourcecode.swift; path = "UIView+Layout.swift"; sourceTree = "<group>"; };
		126805ED29E00A9C0086F37F /* VerticalStackView.swift */ = {isa = PBXFileReference; lastKnownFileType = sourcecode.swift; path = VerticalStackView.swift; sourceTree = "<group>"; };
		126805F029E2C5A40086F37F /* SearchResult.swift */ = {isa = PBXFileReference; lastKnownFileType = sourcecode.swift; path = SearchResult.swift; sourceTree = "<group>"; };
		126805F329E2CC9A0086F37F /* Service.swift */ = {isa = PBXFileReference; lastKnownFileType = sourcecode.swift; path = Service.swift; sourceTree = "<group>"; };
		1E657847676525381E471B49 /* Pods_AppStoreClone.framework */ = {isa = PBXFileReference; explicitFileType = wrapper.framework; includeInIndex = 0; path = Pods_AppStoreClone.framework; sourceTree = BUILT_PRODUCTS_DIR; };
		B7059B70B581D5304A4F343A /* Pods-AppStoreClone.release.xcconfig */ = {isa = PBXFileReference; includeInIndex = 1; lastKnownFileType = text.xcconfig; name = "Pods-AppStoreClone.release.xcconfig"; path = "Target Support Files/Pods-AppStoreClone/Pods-AppStoreClone.release.xcconfig"; sourceTree = "<group>"; };
		F2D042D901A9A5E5E68F43CB /* Pods-AppStoreClone.debug.xcconfig */ = {isa = PBXFileReference; includeInIndex = 1; lastKnownFileType = text.xcconfig; name = "Pods-AppStoreClone.debug.xcconfig"; path = "Target Support Files/Pods-AppStoreClone/Pods-AppStoreClone.debug.xcconfig"; sourceTree = "<group>"; };
/* End PBXFileReference section */

/* Begin PBXFrameworksBuildPhase section */
		126805C329DC16250086F37F /* Frameworks */ = {
			isa = PBXFrameworksBuildPhase;
			buildActionMask = 2147483647;
			files = (
				68DFFF9A8A0C565595A39169 /* Pods_AppStoreClone.framework in Frameworks */,
			);
			runOnlyForDeploymentPostprocessing = 0;
		};
/* End PBXFrameworksBuildPhase section */

/* Begin PBXGroup section */
		12406DF429E452C9009B7896 /* Apps */ = {
			isa = PBXGroup;
			children = (
				12406DF529E452D7009B7896 /* AppsPageController.swift */,
				12406DFD29E83ECD009B7896 /* AppsHorizontalController.swift */,
				12406E0729EAC3B9009B7896 /* AppsHeaderHorizontalController.swift */,
			);
			path = Apps;
			sourceTree = "<group>";
		};
		12406DF929E45462009B7896 /* Search */ = {
			isa = PBXGroup;
			children = (
				126805E529DC322D0086F37F /* AppsSearchController.swift */,
			);
			path = Search;
			sourceTree = "<group>";
		};
		12406DFA29E455CF009B7896 /* Apps */ = {
			isa = PBXGroup;
			children = (
				12406DFB29E455DE009B7896 /* AppsGroupCell.swift */,
				12406DFF29E844FA009B7896 /* AppRowCell.swift */,
				12406E0329EAC10C009B7896 /* AppsPageHeader.swift */,
				12406E0929EAC5DF009B7896 /* AppsHeaderCell.swift */,
			);
			path = Apps;
			sourceTree = "<group>";
		};
		126805BD29DC16250086F37F = {
			isa = PBXGroup;
			children = (
				126805C829DC16250086F37F /* AppStoreClone */,
				126805C729DC16250086F37F /* Products */,
				53D106110DDF7338D6ABFC83 /* Pods */,
				C387B48E901671F7350F10A0 /* Frameworks */,
			);
			sourceTree = "<group>";
		};
		126805C729DC16250086F37F /* Products */ = {
			isa = PBXGroup;
			children = (
				126805C629DC16250086F37F /* AppStoreClone.app */,
			);
			name = Products;
			sourceTree = "<group>";
		};
		126805C829DC16250086F37F /* AppStoreClone */ = {
			isa = PBXGroup;
			children = (
				126805F229E2CC900086F37F /* Service */,
				126805EF29E2C5960086F37F /* Model */,
				126805EA29DD6F820086F37F /* Helpers */,
				126805E229DC31AB0086F37F /* Controller */,
				126805E729DD631C0086F37F /* Views */,
				126805C929DC16250086F37F /* AppDelegate.swift */,
				126805CB29DC16250086F37F /* SceneDelegate.swift */,
				126805CD29DC16250086F37F /* ViewController.swift */,
				126805D529DC16260086F37F /* Assets.xcassets */,
				126805D729DC16260086F37F /* LaunchScreen.storyboard */,
				126805DA29DC16260086F37F /* Info.plist */,
				126805D229DC16250086F37F /* AppStoreClone.xcdatamodeld */,
			);
			path = AppStoreClone;
			sourceTree = "<group>";
		};
		126805E229DC31AB0086F37F /* Controller */ = {
			isa = PBXGroup;
			children = (
				12406DF929E45462009B7896 /* Search */,
				12406DF429E452C9009B7896 /* Apps */,
				126805E029DC16E20086F37F /* BaseTabBarController.swift */,
				12406DF729E453CA009B7896 /* BaseListController.swift */,
			);
			path = Controller;
			sourceTree = "<group>";
		};
		126805E729DD631C0086F37F /* Views */ = {
			isa = PBXGroup;
			children = (
				12406DFA29E455CF009B7896 /* Apps */,
				126805E829DD633C0086F37F /* SearchResultCell.swift */,
			);
			path = Views;
			sourceTree = "<group>";
		};
		126805EA29DD6F820086F37F /* Helpers */ = {
			isa = PBXGroup;
			children = (
				126805EB29DD6FD30086F37F /* UIView+Layout.swift */,
				126805ED29E00A9C0086F37F /* VerticalStackView.swift */,
				12406E0129E84803009B7896 /* Extensions.swift */,
			);
			path = Helpers;
			sourceTree = "<group>";
		};
		126805EF29E2C5960086F37F /* Model */ = {
			isa = PBXGroup;
			children = (
				126805F029E2C5A40086F37F /* SearchResult.swift */,
				12406E0B29EC0251009B7896 /* AppGroup.swift */,
			);
			path = Model;
			sourceTree = "<group>";
		};
		126805F229E2CC900086F37F /* Service */ = {
			isa = PBXGroup;
			children = (
				126805F329E2CC9A0086F37F /* Service.swift */,
			);
			path = Service;
			sourceTree = "<group>";
		};
		53D106110DDF7338D6ABFC83 /* Pods */ = {
			isa = PBXGroup;
			children = (
				F2D042D901A9A5E5E68F43CB /* Pods-AppStoreClone.debug.xcconfig */,
				B7059B70B581D5304A4F343A /* Pods-AppStoreClone.release.xcconfig */,
			);
			path = Pods;
			sourceTree = "<group>";
		};
		C387B48E901671F7350F10A0 /* Frameworks */ = {
			isa = PBXGroup;
			children = (
				1E657847676525381E471B49 /* Pods_AppStoreClone.framework */,
			);
			name = Frameworks;
			sourceTree = "<group>";
		};
/* End PBXGroup section */

/* Begin PBXNativeTarget section */
		126805C529DC16250086F37F /* AppStoreClone */ = {
			isa = PBXNativeTarget;
			buildConfigurationList = 126805DD29DC16260086F37F /* Build configuration list for PBXNativeTarget "AppStoreClone" */;
			buildPhases = (
				0FC84FB549CE7DEE2E8D5542 /* [CP] Check Pods Manifest.lock */,
				126805C229DC16250086F37F /* Sources */,
				126805C329DC16250086F37F /* Frameworks */,
				126805C429DC16250086F37F /* Resources */,
				FB477E58DDA08DA19BBF091B /* [CP] Embed Pods Frameworks */,
			);
			buildRules = (
			);
			dependencies = (
			);
			name = AppStoreClone;
			productName = AppStoreClone;
			productReference = 126805C629DC16250086F37F /* AppStoreClone.app */;
			productType = "com.apple.product-type.application";
		};
/* End PBXNativeTarget section */

/* Begin PBXProject section */
		126805BE29DC16250086F37F /* Project object */ = {
			isa = PBXProject;
			attributes = {
				BuildIndependentTargetsInParallel = 1;
				LastSwiftUpdateCheck = 1410;
				LastUpgradeCheck = 1410;
				TargetAttributes = {
					126805C529DC16250086F37F = {
						CreatedOnToolsVersion = 14.1;
					};
				};
			};
			buildConfigurationList = 126805C129DC16250086F37F /* Build configuration list for PBXProject "AppStoreClone" */;
			compatibilityVersion = "Xcode 14.0";
			developmentRegion = en;
			hasScannedForEncodings = 0;
			knownRegions = (
				en,
				Base,
			);
			mainGroup = 126805BD29DC16250086F37F;
			productRefGroup = 126805C729DC16250086F37F /* Products */;
			projectDirPath = "";
			projectRoot = "";
			targets = (
				126805C529DC16250086F37F /* AppStoreClone */,
			);
		};
/* End PBXProject section */

/* Begin PBXResourcesBuildPhase section */
		126805C429DC16250086F37F /* Resources */ = {
			isa = PBXResourcesBuildPhase;
			buildActionMask = 2147483647;
			files = (
				126805D929DC16260086F37F /* LaunchScreen.storyboard in Resources */,
				126805D629DC16260086F37F /* Assets.xcassets in Resources */,
			);
			runOnlyForDeploymentPostprocessing = 0;
		};
/* End PBXResourcesBuildPhase section */

/* Begin PBXShellScriptBuildPhase section */
		0FC84FB549CE7DEE2E8D5542 /* [CP] Check Pods Manifest.lock */ = {
			isa = PBXShellScriptBuildPhase;
			buildActionMask = 2147483647;
			files = (
			);
			inputFileListPaths = (
			);
			inputPaths = (
				"${PODS_PODFILE_DIR_PATH}/Podfile.lock",
				"${PODS_ROOT}/Manifest.lock",
			);
			name = "[CP] Check Pods Manifest.lock";
			outputFileListPaths = (
			);
			outputPaths = (
				"$(DERIVED_FILE_DIR)/Pods-AppStoreClone-checkManifestLockResult.txt",
			);
			runOnlyForDeploymentPostprocessing = 0;
			shellPath = /bin/sh;
			shellScript = "diff \"${PODS_PODFILE_DIR_PATH}/Podfile.lock\" \"${PODS_ROOT}/Manifest.lock\" > /dev/null\nif [ $? != 0 ] ; then\n    # print error to STDERR\n    echo \"error: The sandbox is not in sync with the Podfile.lock. Run 'pod install' or update your CocoaPods installation.\" >&2\n    exit 1\nfi\n# This output is used by Xcode 'outputs' to avoid re-running this script phase.\necho \"SUCCESS\" > \"${SCRIPT_OUTPUT_FILE_0}\"\n";
			showEnvVarsInLog = 0;
		};
		FB477E58DDA08DA19BBF091B /* [CP] Embed Pods Frameworks */ = {
			isa = PBXShellScriptBuildPhase;
			buildActionMask = 2147483647;
			files = (
			);
			inputFileListPaths = (
				"${PODS_ROOT}/Target Support Files/Pods-AppStoreClone/Pods-AppStoreClone-frameworks-${CONFIGURATION}-input-files.xcfilelist",
			);
			name = "[CP] Embed Pods Frameworks";
			outputFileListPaths = (
				"${PODS_ROOT}/Target Support Files/Pods-AppStoreClone/Pods-AppStoreClone-frameworks-${CONFIGURATION}-output-files.xcfilelist",
			);
			runOnlyForDeploymentPostprocessing = 0;
			shellPath = /bin/sh;
			shellScript = "\"${PODS_ROOT}/Target Support Files/Pods-AppStoreClone/Pods-AppStoreClone-frameworks.sh\"\n";
			showEnvVarsInLog = 0;
		};
/* End PBXShellScriptBuildPhase section */

/* Begin PBXSourcesBuildPhase section */
		126805C229DC16250086F37F /* Sources */ = {
			isa = PBXSourcesBuildPhase;
			buildActionMask = 2147483647;
			files = (
				126805EC29DD6FD30086F37F /* UIView+Layout.swift in Sources */,
				126805EE29E00A9C0086F37F /* VerticalStackView.swift in Sources */,
				126805F129E2C5A40086F37F /* SearchResult.swift in Sources */,
				126805E929DD633C0086F37F /* SearchResultCell.swift in Sources */,
				12406E0029E844FA009B7896 /* AppRowCell.swift in Sources */,
				126805CE29DC16250086F37F /* ViewController.swift in Sources */,
				12406DFE29E83ECD009B7896 /* AppsHorizontalController.swift in Sources */,
				12406DF829E453CA009B7896 /* BaseListController.swift in Sources */,
				126805D429DC16250086F37F /* AppStoreClone.xcdatamodeld in Sources */,
				12406DFC29E455DE009B7896 /* AppsGroupCell.swift in Sources */,
				12406E0C29EC0251009B7896 /* AppGroup.swift in Sources */,
				12406E0829EAC3B9009B7896 /* AppsHeaderHorizontalController.swift in Sources */,
				126805E129DC16E20086F37F /* BaseTabBarController.swift in Sources */,
				12406E0A29EAC5DF009B7896 /* AppsHeaderCell.swift in Sources */,
				126805E629DC322D0086F37F /* AppsSearchController.swift in Sources */,
				126805F429E2CC9A0086F37F /* Service.swift in Sources */,
				126805CA29DC16250086F37F /* AppDelegate.swift in Sources */,
				12406E0229E84803009B7896 /* Extensions.swift in Sources */,
				12406E0429EAC10C009B7896 /* AppsPageHeader.swift in Sources */,
				126805CC29DC16250086F37F /* SceneDelegate.swift in Sources */,
				12406DF629E452D7009B7896 /* AppsPageController.swift in Sources */,
			);
			runOnlyForDeploymentPostprocessing = 0;
		};
/* End PBXSourcesBuildPhase section */

/* Begin PBXVariantGroup section */
		126805D729DC16260086F37F /* LaunchScreen.storyboard */ = {
			isa = PBXVariantGroup;
			children = (
				126805D829DC16260086F37F /* Base */,
			);
			name = LaunchScreen.storyboard;
			sourceTree = "<group>";
		};
/* End PBXVariantGroup section */

/* Begin XCBuildConfiguration section */
		126805DB29DC16260086F37F /* Debug */ = {
			isa = XCBuildConfiguration;
			buildSettings = {
				ALWAYS_SEARCH_USER_PATHS = NO;
				CLANG_ANALYZER_NONNULL = YES;
				CLANG_ANALYZER_NUMBER_OBJECT_CONVERSION = YES_AGGRESSIVE;
				CLANG_CXX_LANGUAGE_STANDARD = "gnu++20";
				CLANG_ENABLE_MODULES = YES;
				CLANG_ENABLE_OBJC_ARC = YES;
				CLANG_ENABLE_OBJC_WEAK = YES;
				CLANG_WARN_BLOCK_CAPTURE_AUTORELEASING = YES;
				CLANG_WARN_BOOL_CONVERSION = YES;
				CLANG_WARN_COMMA = YES;
				CLANG_WARN_CONSTANT_CONVERSION = YES;
				CLANG_WARN_DEPRECATED_OBJC_IMPLEMENTATIONS = YES;
				CLANG_WARN_DIRECT_OBJC_ISA_USAGE = YES_ERROR;
				CLANG_WARN_DOCUMENTATION_COMMENTS = YES;
				CLANG_WARN_EMPTY_BODY = YES;
				CLANG_WARN_ENUM_CONVERSION = YES;
				CLANG_WARN_INFINITE_RECURSION = YES;
				CLANG_WARN_INT_CONVERSION = YES;
				CLANG_WARN_NON_LITERAL_NULL_CONVERSION = YES;
				CLANG_WARN_OBJC_IMPLICIT_RETAIN_SELF = YES;
				CLANG_WARN_OBJC_LITERAL_CONVERSION = YES;
				CLANG_WARN_OBJC_ROOT_CLASS = YES_ERROR;
				CLANG_WARN_QUOTED_INCLUDE_IN_FRAMEWORK_HEADER = YES;
				CLANG_WARN_RANGE_LOOP_ANALYSIS = YES;
				CLANG_WARN_STRICT_PROTOTYPES = YES;
				CLANG_WARN_SUSPICIOUS_MOVE = YES;
				CLANG_WARN_UNGUARDED_AVAILABILITY = YES_AGGRESSIVE;
				CLANG_WARN_UNREACHABLE_CODE = YES;
				CLANG_WARN__DUPLICATE_METHOD_MATCH = YES;
				COPY_PHASE_STRIP = NO;
				DEBUG_INFORMATION_FORMAT = dwarf;
				ENABLE_STRICT_OBJC_MSGSEND = YES;
				ENABLE_TESTABILITY = YES;
				GCC_C_LANGUAGE_STANDARD = gnu11;
				GCC_DYNAMIC_NO_PIC = NO;
				GCC_NO_COMMON_BLOCKS = YES;
				GCC_OPTIMIZATION_LEVEL = 0;
				GCC_PREPROCESSOR_DEFINITIONS = (
					"DEBUG=1",
					"$(inherited)",
				);
				GCC_WARN_64_TO_32_BIT_CONVERSION = YES;
				GCC_WARN_ABOUT_RETURN_TYPE = YES_ERROR;
				GCC_WARN_UNDECLARED_SELECTOR = YES;
				GCC_WARN_UNINITIALIZED_AUTOS = YES_AGGRESSIVE;
				GCC_WARN_UNUSED_FUNCTION = YES;
				GCC_WARN_UNUSED_VARIABLE = YES;
				IPHONEOS_DEPLOYMENT_TARGET = 16.1;
				MTL_ENABLE_DEBUG_INFO = INCLUDE_SOURCE;
				MTL_FAST_MATH = YES;
				ONLY_ACTIVE_ARCH = YES;
				SDKROOT = iphoneos;
				SWIFT_ACTIVE_COMPILATION_CONDITIONS = DEBUG;
				SWIFT_OPTIMIZATION_LEVEL = "-Onone";
			};
			name = Debug;
		};
		126805DC29DC16260086F37F /* Release */ = {
			isa = XCBuildConfiguration;
			buildSettings = {
				ALWAYS_SEARCH_USER_PATHS = NO;
				CLANG_ANALYZER_NONNULL = YES;
				CLANG_ANALYZER_NUMBER_OBJECT_CONVERSION = YES_AGGRESSIVE;
				CLANG_CXX_LANGUAGE_STANDARD = "gnu++20";
				CLANG_ENABLE_MODULES = YES;
				CLANG_ENABLE_OBJC_ARC = YES;
				CLANG_ENABLE_OBJC_WEAK = YES;
				CLANG_WARN_BLOCK_CAPTURE_AUTORELEASING = YES;
				CLANG_WARN_BOOL_CONVERSION = YES;
				CLANG_WARN_COMMA = YES;
				CLANG_WARN_CONSTANT_CONVERSION = YES;
				CLANG_WARN_DEPRECATED_OBJC_IMPLEMENTATIONS = YES;
				CLANG_WARN_DIRECT_OBJC_ISA_USAGE = YES_ERROR;
				CLANG_WARN_DOCUMENTATION_COMMENTS = YES;
				CLANG_WARN_EMPTY_BODY = YES;
				CLANG_WARN_ENUM_CONVERSION = YES;
				CLANG_WARN_INFINITE_RECURSION = YES;
				CLANG_WARN_INT_CONVERSION = YES;
				CLANG_WARN_NON_LITERAL_NULL_CONVERSION = YES;
				CLANG_WARN_OBJC_IMPLICIT_RETAIN_SELF = YES;
				CLANG_WARN_OBJC_LITERAL_CONVERSION = YES;
				CLANG_WARN_OBJC_ROOT_CLASS = YES_ERROR;
				CLANG_WARN_QUOTED_INCLUDE_IN_FRAMEWORK_HEADER = YES;
				CLANG_WARN_RANGE_LOOP_ANALYSIS = YES;
				CLANG_WARN_STRICT_PROTOTYPES = YES;
				CLANG_WARN_SUSPICIOUS_MOVE = YES;
				CLANG_WARN_UNGUARDED_AVAILABILITY = YES_AGGRESSIVE;
				CLANG_WARN_UNREACHABLE_CODE = YES;
				CLANG_WARN__DUPLICATE_METHOD_MATCH = YES;
				COPY_PHASE_STRIP = NO;
				DEBUG_INFORMATION_FORMAT = "dwarf-with-dsym";
				ENABLE_NS_ASSERTIONS = NO;
				ENABLE_STRICT_OBJC_MSGSEND = YES;
				GCC_C_LANGUAGE_STANDARD = gnu11;
				GCC_NO_COMMON_BLOCKS = YES;
				GCC_WARN_64_TO_32_BIT_CONVERSION = YES;
				GCC_WARN_ABOUT_RETURN_TYPE = YES_ERROR;
				GCC_WARN_UNDECLARED_SELECTOR = YES;
				GCC_WARN_UNINITIALIZED_AUTOS = YES_AGGRESSIVE;
				GCC_WARN_UNUSED_FUNCTION = YES;
				GCC_WARN_UNUSED_VARIABLE = YES;
				IPHONEOS_DEPLOYMENT_TARGET = 16.1;
				MTL_ENABLE_DEBUG_INFO = NO;
				MTL_FAST_MATH = YES;
				SDKROOT = iphoneos;
				SWIFT_COMPILATION_MODE = wholemodule;
				SWIFT_OPTIMIZATION_LEVEL = "-O";
				VALIDATE_PRODUCT = YES;
			};
			name = Release;
		};
		126805DE29DC16260086F37F /* Debug */ = {
			isa = XCBuildConfiguration;
			baseConfigurationReference = F2D042D901A9A5E5E68F43CB /* Pods-AppStoreClone.debug.xcconfig */;
			buildSettings = {
				ASSETCATALOG_COMPILER_APPICON_NAME = AppIcon;
				ASSETCATALOG_COMPILER_GLOBAL_ACCENT_COLOR_NAME = AccentColor;
				CODE_SIGN_STYLE = Automatic;
				CURRENT_PROJECT_VERSION = 1;
				DEVELOPMENT_TEAM = DH7KJY6JNQ;
				GENERATE_INFOPLIST_FILE = YES;
				INFOPLIST_FILE = AppStoreClone/Info.plist;
				INFOPLIST_KEY_UIApplicationSupportsIndirectInputEvents = YES;
				INFOPLIST_KEY_UILaunchStoryboardName = LaunchScreen;
				INFOPLIST_KEY_UISupportedInterfaceOrientations_iPad = "UIInterfaceOrientationPortrait UIInterfaceOrientationPortraitUpsideDown UIInterfaceOrientationLandscapeLeft UIInterfaceOrientationLandscapeRight";
				INFOPLIST_KEY_UISupportedInterfaceOrientations_iPhone = "UIInterfaceOrientationPortrait UIInterfaceOrientationLandscapeLeft UIInterfaceOrientationLandscapeRight";
				LD_RUNPATH_SEARCH_PATHS = (
					"$(inherited)",
					"@executable_path/Frameworks",
				);
				MARKETING_VERSION = 1.0;
				PRODUCT_BUNDLE_IDENTIFIER = com.geanatoliy.AppStoreClone;
				PRODUCT_NAME = "$(TARGET_NAME)";
				SWIFT_EMIT_LOC_STRINGS = YES;
				SWIFT_VERSION = 5.0;
				TARGETED_DEVICE_FAMILY = "1,2";
			};
			name = Debug;
		};
		126805DF29DC16260086F37F /* Release */ = {
			isa = XCBuildConfiguration;
			baseConfigurationReference = B7059B70B581D5304A4F343A /* Pods-AppStoreClone.release.xcconfig */;
			buildSettings = {
				ASSETCATALOG_COMPILER_APPICON_NAME = AppIcon;
				ASSETCATALOG_COMPILER_GLOBAL_ACCENT_COLOR_NAME = AccentColor;
				CODE_SIGN_STYLE = Automatic;
				CURRENT_PROJECT_VERSION = 1;
				DEVELOPMENT_TEAM = DH7KJY6JNQ;
				GENERATE_INFOPLIST_FILE = YES;
				INFOPLIST_FILE = AppStoreClone/Info.plist;
				INFOPLIST_KEY_UIApplicationSupportsIndirectInputEvents = YES;
				INFOPLIST_KEY_UILaunchStoryboardName = LaunchScreen;
				INFOPLIST_KEY_UISupportedInterfaceOrientations_iPad = "UIInterfaceOrientationPortrait UIInterfaceOrientationPortraitUpsideDown UIInterfaceOrientationLandscapeLeft UIInterfaceOrientationLandscapeRight";
				INFOPLIST_KEY_UISupportedInterfaceOrientations_iPhone = "UIInterfaceOrientationPortrait UIInterfaceOrientationLandscapeLeft UIInterfaceOrientationLandscapeRight";
				LD_RUNPATH_SEARCH_PATHS = (
					"$(inherited)",
					"@executable_path/Frameworks",
				);
				MARKETING_VERSION = 1.0;
				PRODUCT_BUNDLE_IDENTIFIER = com.geanatoliy.AppStoreClone;
				PRODUCT_NAME = "$(TARGET_NAME)";
				SWIFT_EMIT_LOC_STRINGS = YES;
				SWIFT_VERSION = 5.0;
				TARGETED_DEVICE_FAMILY = "1,2";
			};
			name = Release;
		};
/* End XCBuildConfiguration section */

/* Begin XCConfigurationList section */
		126805C129DC16250086F37F /* Build configuration list for PBXProject "AppStoreClone" */ = {
			isa = XCConfigurationList;
			buildConfigurations = (
				126805DB29DC16260086F37F /* Debug */,
				126805DC29DC16260086F37F /* Release */,
			);
			defaultConfigurationIsVisible = 0;
			defaultConfigurationName = Release;
		};
		126805DD29DC16260086F37F /* Build configuration list for PBXNativeTarget "AppStoreClone" */ = {
			isa = XCConfigurationList;
			buildConfigurations = (
				126805DE29DC16260086F37F /* Debug */,
				126805DF29DC16260086F37F /* Release */,
			);
			defaultConfigurationIsVisible = 0;
			defaultConfigurationName = Release;
		};
/* End XCConfigurationList section */

/* Begin XCVersionGroup section */
		126805D229DC16250086F37F /* AppStoreClone.xcdatamodeld */ = {
			isa = XCVersionGroup;
			children = (
				126805D329DC16250086F37F /* AppStoreClone.xcdatamodel */,
			);
			currentVersion = 126805D329DC16250086F37F /* AppStoreClone.xcdatamodel */;
			path = AppStoreClone.xcdatamodeld;
			sourceTree = "<group>";
			versionGroupType = wrapper.xcdatamodel;
		};
/* End XCVersionGroup section */
	};
	rootObject = 126805BE29DC16250086F37F /* Project object */;
}
